
Microsoft Visual Studio Solution File, Format Version 10.00
# Visual Studio 2008
Project("{8BC9CEB8-8B4A-11D0-8D11-00A0C91BC942}") = "PlanetSystem", "PlanetSystem\PlanetSystem.vcproj", "{E8CBA6AB-86EA-4170-B948-82479E80EE71}"
EndProject
Project("{8BC9CEB8-8B4A-11D0-8D11-00A0C91BC942}") = "Test", "Test\Test.vcproj", "{6157F755-8DD5-4597-80AE-27451022AEA2}"
EndProject
Global
	GlobalSection(SolutionConfigurationPlatforms) = preSolution
		Debug|Win32 = Debug|Win32
		Release|Win32 = Release|Win32
	EndGlobalSection
	GlobalSection(ProjectConfigurationPlatforms) = postSolution
		{E8CBA6AB-86EA-4170-B948-82479E80EE71}.Debug|Win32.ActiveCfg = Debug|Win32
		{E8CBA6AB-86EA-4170-B948-82479E80EE71}.Debug|Win32.Build.0 = Debug|Win32
		{E8CBA6AB-86EA-4170-B948-82479E80EE71}.Release|Win32.ActiveCfg = Release|Win32
		{E8CBA6AB-86EA-4170-B948-82479E80EE71}.Release|Win32.Build.0 = Release|Win32
		{6157F755-8DD5-4597-80AE-27451022AEA2}.Debug|Win32.ActiveCfg = Debug|Win32
		{6157F755-8DD5-4597-80AE-27451022AEA2}.Debug|Win32.Build.0 = Debug|Win32
		{6157F755-8DD5-4597-80AE-27451022AEA2}.Release|Win32.ActiveCfg = Release|Win32
		{6157F755-8DD5-4597-80AE-27451022AEA2}.Release|Win32.Build.0 = Release|Win32
	EndGlobalSection
	GlobalSection(SolutionProperties) = preSolution
		HideSolutionNode = FALSE
	EndGlobalSection
EndGlobal
